{
  "name": "opencode",
  "lockfileVersion": 3,
  "requires": true,
  "packages": {
    "": {
      "dependencies": {
        "@opencode-ai/plugin": "1.1.19"
      },
      "devDependencies": {
        "@types/bun": "^1.3.5",
        "typescript": "^5.9.3"
      }
    },
    "node_modules/@opencode-ai/plugin": {
      "version": "1.1.19",
      "resolved": "https://registry.npmjs.org/@opencode-ai/plugin/-/plugin-1.1.19.tgz",
      "integrity": "sha512-Q6qBEjHb/dJMEw4BUqQxEswTMxCCHUpFMMb6jR8HTTs8X/28XRkKt5pHNPA82GU65IlSoPRph+zd8LReBDN53Q==",
      "license": "MIT",
      "dependencies": {
        "@opencode-ai/sdk": "1.1.19",
        "zod": "4.1.8"
      }
    },
    "node_modules/@opencode-ai/sdk": {
      "version": "1.1.19",
      "resolved": "https://registry.npmjs.org/@opencode-ai/sdk/-/sdk-1.1.19.tgz",
      "integrity": "sha512-XhZhFuvlLCqDpvNtUEjOsi/wvFj3YCXb1dySp+OONQRMuHlorNYnNa7P2A2ntKuhRdGT1Xt5na0nFzlUyNw+4A==",
      "license": "MIT"
    },
    "node_modules/@types/bun": {
      "version": "1.3.5",
      "dev": true,
      "license": "MIT",
      "dependencies": {
        "bun-types": "1.3.5"
      }
    },
    "node_modules/@types/node": {
      "version": "25.0.3",
      "dev": true,
      "license": "MIT",
      "dependencies": {
        "undici-types": "~7.16.0"
      }
    },
    "node_modules/bun-types": {
      "version": "1.3.5",
      "dev": true,
      "license": "MIT",
      "dependencies": {
        "@types/node": "*"
      }
    },
    "node_modules/typescript": {
      "version": "5.9.3",
      "dev": true,
      "license": "Apache-2.0",
      "bin": {
        "tsc": "bin/tsc",
        "tsserver": "bin/tsserver"
      },
      "engines": {
        "node": ">=14.17"
      }
    },
    "node_modules/undici-types": {
      "version": "7.16.0",
      "dev": true,
      "license": "MIT"
    },
    "node_modules/zod": {
      "version": "4.1.8",
      "license": "MIT",
      "funding": {
        "url": "https://github.com/sponsors/colinhacks"
      }
    }
  }
}
